// !$*UTF8*$!
{
	archiveVersion = 1;
	classes = {
	};
	objectVersion = 56;
	objects = {

/* Begin PBXBuildFile section */
		245F36DC2AD91A2B005BA2FC /* AppDelegate.swift in Sources */ = {isa = PBXBuildFile; fileRef = 245F36DB2AD91A2B005BA2FC /* AppDelegate.swift */; };
		245F36DE2AD91A2B005BA2FC /* GameScene.sks in Resources */ = {isa = PBXBuildFile; fileRef = 245F36DD2AD91A2B005BA2FC /* GameScene.sks */; };
		245F36E22AD91A2B005BA2FC /* GameScene.swift in Sources */ = {isa = PBXBuildFile; fileRef = 245F36E12AD91A2B005BA2FC /* GameScene.swift */; };
		245F36E42AD91A2B005BA2FC /* GameViewController.swift in Sources */ = {isa = PBXBuildFile; fileRef = 245F36E32AD91A2B005BA2FC /* GameViewController.swift */; };
		245F36E92AD91A2D005BA2FC /* Assets.xcassets in Resources */ = {isa = PBXBuildFile; fileRef = 245F36E82AD91A2D005BA2FC /* Assets.xcassets */; };
		245F36EC2AD91A2D005BA2FC /* LaunchScreen.storyboard in Resources */ = {isa = PBXBuildFile; fileRef = 245F36EA2AD91A2D005BA2FC /* LaunchScreen.storyboard */; };
		245F36F52AD91AD6005BA2FC /* MainRouter.swift in Sources */ = {isa = PBXBuildFile; fileRef = 245F36F42AD91AD6005BA2FC /* MainRouter.swift */; };
		245F36FC2AD91B87005BA2FC /* PrivacyPolicyViewController.swift in Sources */ = {isa = PBXBuildFile; fileRef = 245F36FB2AD91B87005BA2FC /* PrivacyPolicyViewController.swift */; };
		245F36FF2AD91BAE005BA2FC /* WinOrLooseViewController.swift in Sources */ = {isa = PBXBuildFile; fileRef = 245F36FD2AD91BAE005BA2FC /* WinOrLooseViewController.swift */; };
		245F37002AD91BAE005BA2FC /* WinOrLooseViewController.xib in Resources */ = {isa = PBXBuildFile; fileRef = 245F36FE2AD91BAE005BA2FC /* WinOrLooseViewController.xib */; };
		245F37062AD91CB7005BA2FC /* NameImage.swift in Sources */ = {isa = PBXBuildFile; fileRef = 245F37052AD91CB7005BA2FC /* NameImage.swift */; };
		245F37092AD923D4005BA2FC /* MenuViewController.swift in Sources */ = {isa = PBXBuildFile; fileRef = 245F37072AD923D4005BA2FC /* MenuViewController.swift */; };
		245F370A2AD923D4005BA2FC /* MenuViewController.xib in Resources */ = {isa = PBXBuildFile; fileRef = 245F37082AD923D4005BA2FC /* MenuViewController.xib */; };
		245F370C2ADD52AA005BA2FC /* BodyType.swift in Sources */ = {isa = PBXBuildFile; fileRef = 245F370B2ADD52AA005BA2FC /* BodyType.swift */; };
/* End PBXBuildFile section */

/* Begin PBXFileReference section */
		245F36D82AD91A2B005BA2FC /* Wolf Survive.app */ = {isa = PBXFileReference; explicitFileType = wrapper.application; includeInIndex = 0; path = "Wolf Survive.app"; sourceTree = BUILT_PRODUCTS_DIR; };
		245F36DB2AD91A2B005BA2FC /* AppDelegate.swift */ = {isa = PBXFileReference; lastKnownFileType = sourcecode.swift; path = AppDelegate.swift; sourceTree = "<group>"; };
		245F36DD2AD91A2B005BA2FC /* GameScene.sks */ = {isa = PBXFileReference; lastKnownFileType = file.sks; path = GameScene.sks; sourceTree = "<group>"; };
		245F36E12AD91A2B005BA2FC /* GameScene.swift */ = {isa = PBXFileReference; lastKnownFileType = sourcecode.swift; path = GameScene.swift; sourceTree = "<group>"; };
		245F36E32AD91A2B005BA2FC /* GameViewController.swift */ = {isa = PBXFileReference; lastKnownFileType = sourcecode.swift; path = GameViewController.swift; sourceTree = "<group>"; };
		245F36E82AD91A2D005BA2FC /* Assets.xcassets */ = {isa = PBXFileReference; lastKnownFileType = folder.assetcatalog; path = Assets.xcassets; sourceTree = "<group>"; };
		245F36EB2AD91A2D005BA2FC /* Base */ = {isa = PBXFileReference; lastKnownFileType = file.storyboard; name = Base; path = Base.lproj/LaunchScreen.storyboard; sourceTree = "<group>"; };
		245F36F42AD91AD6005BA2FC /* MainRouter.swift */ = {isa = PBXFileReference; fileEncoding = 4; lastKnownFileType = sourcecode.swift; path = MainRouter.swift; sourceTree = "<group>"; };
		245F36FB2AD91B87005BA2FC /* PrivacyPolicyViewController.swift */ = {isa = PBXFileReference; lastKnownFileType = sourcecode.swift; path = PrivacyPolicyViewController.swift; sourceTree = "<group>"; };
		245F36FD2AD91BAE005BA2FC /* WinOrLooseViewController.swift */ = {isa = PBXFileReference; lastKnownFileType = sourcecode.swift; path = WinOrLooseViewController.swift; sourceTree = "<group>"; };
		245F36FE2AD91BAE005BA2FC /* WinOrLooseViewController.xib */ = {isa = PBXFileReference; lastKnownFileType = file.xib; path = WinOrLooseViewController.xib; sourceTree = "<group>"; };
		245F37052AD91CB7005BA2FC /* NameImage.swift */ = {isa = PBXFileReference; lastKnownFileType = sourcecode.swift; path = NameImage.swift; sourceTree = "<group>"; };
		245F37072AD923D4005BA2FC /* MenuViewController.swift */ = {isa = PBXFileReference; lastKnownFileType = sourcecode.swift; path = MenuViewController.swift; sourceTree = "<group>"; };
		245F37082AD923D4005BA2FC /* MenuViewController.xib */ = {isa = PBXFileReference; lastKnownFileType = file.xib; path = MenuViewController.xib; sourceTree = "<group>"; };
		245F370B2ADD52AA005BA2FC /* BodyType.swift */ = {isa = PBXFileReference; lastKnownFileType = sourcecode.swift; path = BodyType.swift; sourceTree = "<group>"; };
/* End PBXFileReference section */

/* Begin PBXFrameworksBuildPhase section */
		245F36D52AD91A2B005BA2FC /* Frameworks */ = {
			isa = PBXFrameworksBuildPhase;
			buildActionMask = 2147483647;
			files = (
			);
			runOnlyForDeploymentPostprocessing = 0;
		};
/* End PBXFrameworksBuildPhase section */

/* Begin PBXGroup section */
		245F36CF2AD91A2B005BA2FC = {
			isa = PBXGroup;
			children = (
				245F36DA2AD91A2B005BA2FC /* Wolf Survive */,
				245F36D92AD91A2B005BA2FC /* Products */,
			);
			sourceTree = "<group>";
		};
		245F36D92AD91A2B005BA2FC /* Products */ = {
			isa = PBXGroup;
			children = (
				245F36D82AD91A2B005BA2FC /* Wolf Survive.app */,
			);
			name = Products;
			sourceTree = "<group>";
		};
		245F36DA2AD91A2B005BA2FC /* Wolf Survive */ = {
			isa = PBXGroup;
			children = (
				245F36DB2AD91A2B005BA2FC /* AppDelegate.swift */,
				245F36F42AD91AD6005BA2FC /* MainRouter.swift */,
				245F37042AD91C95005BA2FC /* Models */,
				245F36F62AD91B0B005BA2FC /* ViewControllers */,
				245F36E82AD91A2D005BA2FC /* Assets.xcassets */,
				245F36EA2AD91A2D005BA2FC /* LaunchScreen.storyboard */,
			);
			path = "Wolf Survive";
			sourceTree = "<group>";
		};
		245F36F32AD91AAE005BA2FC /* Game */ = {
			isa = PBXGroup;
			children = (
				245F36DD2AD91A2B005BA2FC /* GameScene.sks */,
				245F36E12AD91A2B005BA2FC /* GameScene.swift */,
				245F36E32AD91A2B005BA2FC /* GameViewController.swift */,
			);
			path = Game;
			sourceTree = "<group>";
		};
		245F36F62AD91B0B005BA2FC /* ViewControllers */ = {
			isa = PBXGroup;
			children = (
				245F36F32AD91AAE005BA2FC /* Game */,
				245F37012AD91BBB005BA2FC /* Menu */,
				245F37032AD91BEA005BA2FC /* WinOrLoose */,
				245F37022AD91BCB005BA2FC /* Terms */,
			);
			path = ViewControllers;
			sourceTree = "<group>";
		};
		245F37012AD91BBB005BA2FC /* Menu */ = {
			isa = PBXGroup;
			children = (
				245F37072AD923D4005BA2FC /* MenuViewController.swift */,
				245F37082AD923D4005BA2FC /* MenuViewController.xib */,
			);
			path = Menu;
			sourceTree = "<group>";
		};
		245F37022AD91BCB005BA2FC /* Terms */ = {
			isa = PBXGroup;
			children = (
				245F36FB2AD91B87005BA2FC /* PrivacyPolicyViewController.swift */,
			);
			path = Terms;
			sourceTree = "<group>";
		};
		245F37032AD91BEA005BA2FC /* WinOrLoose */ = {
			isa = PBXGroup;
			children = (
				245F36FD2AD91BAE005BA2FC /* WinOrLooseViewController.swift */,
				245F36FE2AD91BAE005BA2FC /* WinOrLooseViewController.xib */,
			);
			path = WinOrLoose;
			sourceTree = "<group>";
		};
		245F37042AD91C95005BA2FC /* Models */ = {
			isa = PBXGroup;
			children = (
				245F37052AD91CB7005BA2FC /* NameImage.swift */,
				245F370B2ADD52AA005BA2FC /* BodyType.swift */,
			);
			path = Models;
			sourceTree = "<group>";
		};
/* End PBXGroup section */

/* Begin PBXNativeTarget section */
		245F36D72AD91A2B005BA2FC /* Wolf Survive */ = {
			isa = PBXNativeTarget;
			buildConfigurationList = 245F36EF2AD91A2E005BA2FC /* Build configuration list for PBXNativeTarget "Wolf Survive" */;
			buildPhases = (
				245F36D42AD91A2B005BA2FC /* Sources */,
				245F36D52AD91A2B005BA2FC /* Frameworks */,
				245F36D62AD91A2B005BA2FC /* Resources */,
			);
			buildRules = (
			);
			dependencies = (
			);
			name = "Wolf Survive";
			productName = "Wolf Survive";
			productReference = 245F36D82AD91A2B005BA2FC /* Wolf Survive.app */;
			productType = "com.apple.product-type.application";
		};
/* End PBXNativeTarget section */

/* Begin PBXProject section */
		245F36D02AD91A2B005BA2FC /* Project object */ = {
			isa = PBXProject;
			attributes = {
				BuildIndependentTargetsInParallel = 1;
				LastSwiftUpdateCheck = 1500;
				LastUpgradeCheck = 1500;
				TargetAttributes = {
					245F36D72AD91A2B005BA2FC = {
						CreatedOnToolsVersion = 15.0;
					};
				};
			};
			buildConfigurationList = 245F36D32AD91A2B005BA2FC /* Build configuration list for PBXProject "Wolf Survive" */;
			compatibilityVersion = "Xcode 14.0";
			developmentRegion = en;
			hasScannedForEncodings = 0;
			knownRegions = (
				en,
				Base,
			);
			mainGroup = 245F36CF2AD91A2B005BA2FC;
			productRefGroup = 245F36D92AD91A2B005BA2FC /* Products */;
			projectDirPath = "";
			projectRoot = "";
			targets = (
				245F36D72AD91A2B005BA2FC /* Wolf Survive */,
			);
		};
/* End PBXProject section */

/* Begin PBXResourcesBuildPhase section */
		245F36D62AD91A2B005BA2FC /* Resources */ = {
			isa = PBXResourcesBuildPhase;
			buildActionMask = 2147483647;
			files = (
				245F36DE2AD91A2B005BA2FC /* GameScene.sks in Resources */,
				245F37002AD91BAE005BA2FC /* WinOrLooseViewController.xib in Resources */,
				245F370A2AD923D4005BA2FC /* MenuViewController.xib in Resources */,
				245F36E92AD91A2D005BA2FC /* Assets.xcassets in Resources */,
				245F36EC2AD91A2D005BA2FC /* LaunchScreen.storyboard in Resources */,
			);
			runOnlyForDeploymentPostprocessing = 0;
		};
/* End PBXResourcesBuildPhase section */

/* Begin PBXSourcesBuildPhase section */
		245F36D42AD91A2B005BA2FC /* Sources */ = {
			isa = PBXSourcesBuildPhase;
			buildActionMask = 2147483647;
			files = (
				245F370C2ADD52AA005BA2FC /* BodyType.swift in Sources */,
				245F36E22AD91A2B005BA2FC /* GameScene.swift in Sources */,
				245F36F52AD91AD6005BA2FC /* MainRouter.swift in Sources */,
				245F36FC2AD91B87005BA2FC /* PrivacyPolicyViewController.swift in Sources */,
				245F36FF2AD91BAE005BA2FC /* WinOrLooseViewController.swift in Sources */,
				245F36E42AD91A2B005BA2FC /* GameViewController.swift in Sources */,
				245F37062AD91CB7005BA2FC /* NameImage.swift in Sources */,
				245F36DC2AD91A2B005BA2FC /* AppDelegate.swift in Sources */,
				245F37092AD923D4005BA2FC /* MenuViewController.swift in Sources */,
			);
			runOnlyForDeploymentPostprocessing = 0;
		};
/* End PBXSourcesBuildPhase section */

/* Begin PBXVariantGroup section */
		245F36EA2AD91A2D005BA2FC /* LaunchScreen.storyboard */ = {
			isa = PBXVariantGroup;
			children = (
				245F36EB2AD91A2D005BA2FC /* Base */,
			);
			name = LaunchScreen.storyboard;
			sourceTree = "<group>";
		};
/* End PBXVariantGroup section */

/* Begin XCBuildConfiguration section */
		245F36ED2AD91A2D005BA2FC /* Debug */ = {
			isa = XCBuildConfiguration;
			buildSettings = {
				ALWAYS_SEARCH_USER_PATHS = NO;
				ASSETCATALOG_COMPILER_GENERATE_SWIFT_ASSET_SYMBOL_EXTENSIONS = YES;
				CLANG_ANALYZER_NONNULL = YES;
				CLANG_ANALYZER_NUMBER_OBJECT_CONVERSION = YES_AGGRESSIVE;
				CLANG_CXX_LANGUAGE_STANDARD = "gnu++20";
				CLANG_ENABLE_MODULES = YES;
				CLANG_ENABLE_OBJC_ARC = YES;
				CLANG_ENABLE_OBJC_WEAK = YES;
				CLANG_WARN_BLOCK_CAPTURE_AUTORELEASING = YES;
				CLANG_WARN_BOOL_CONVERSION = YES;
				CLANG_WARN_COMMA = YES;
				CLANG_WARN_CONSTANT_CONVERSION = YES;
				CLANG_WARN_DEPRECATED_OBJC_IMPLEMENTATIONS = YES;
				CLANG_WARN_DIRECT_OBJC_ISA_USAGE = YES_ERROR;
				CLANG_WARN_DOCUMENTATION_COMMENTS = YES;
				CLANG_WARN_EMPTY_BODY = YES;
				CLANG_WARN_ENUM_CONVERSION = YES;
				CLANG_WARN_INFINITE_RECURSION = YES;
				CLANG_WARN_INT_CONVERSION = YES;
				CLANG_WARN_NON_LITERAL_NULL_CONVERSION = YES;
				CLANG_WARN_OBJC_IMPLICIT_RETAIN_SELF = YES;
				CLANG_WARN_OBJC_LITERAL_CONVERSION = YES;
				CLANG_WARN_OBJC_ROOT_CLASS = YES_ERROR;
				CLANG_WARN_QUOTED_INCLUDE_IN_FRAMEWORK_HEADER = YES;
				CLANG_WARN_RANGE_LOOP_ANALYSIS = YES;
				CLANG_WARN_STRICT_PROTOTYPES = YES;
				CLANG_WARN_SUSPICIOUS_MOVE = YES;
				CLANG_WARN_UNGUARDED_AVAILABILITY = YES_AGGRESSIVE;
				CLANG_WARN_UNREACHABLE_CODE = YES;
				CLANG_WARN__DUPLICATE_METHOD_MATCH = YES;
				COPY_PHASE_STRIP = NO;
				DEBUG_INFORMATION_FORMAT = dwarf;
				ENABLE_STRICT_OBJC_MSGSEND = YES;
				ENABLE_TESTABILITY = YES;
				ENABLE_USER_SCRIPT_SANDBOXING = YES;
				GCC_C_LANGUAGE_STANDARD = gnu17;
				GCC_DYNAMIC_NO_PIC = NO;
				GCC_NO_COMMON_BLOCKS = YES;
				GCC_OPTIMIZATION_LEVEL = 0;
				GCC_PREPROCESSOR_DEFINITIONS = (
					"DEBUG=1",
					"$(inherited)",
				);
				GCC_WARN_64_TO_32_BIT_CONVERSION = YES;
				GCC_WARN_ABOUT_RETURN_TYPE = YES_ERROR;
				GCC_WARN_UNDECLARED_SELECTOR = YES;
				GCC_WARN_UNINITIALIZED_AUTOS = YES_AGGRESSIVE;
				GCC_WARN_UNUSED_FUNCTION = YES;
				GCC_WARN_UNUSED_VARIABLE = YES;
				IPHONEOS_DEPLOYMENT_TARGET = 14.0;
				LOCALIZATION_PREFERS_STRING_CATALOGS = YES;
				MTL_ENABLE_DEBUG_INFO = INCLUDE_SOURCE;
				MTL_FAST_MATH = YES;
				ONLY_ACTIVE_ARCH = YES;
				SDKROOT = iphoneos;
				SWIFT_ACTIVE_COMPILATION_CONDITIONS = "DEBUG $(inherited)";
				SWIFT_OPTIMIZATION_LEVEL = "-Onone";
			};
			name = Debug;
		};
		245F36EE2AD91A2D005BA2FC /* Release */ = {
			isa = XCBuildConfiguration;
			buildSettings = {
				ALWAYS_SEARCH_USER_PATHS = NO;
				ASSETCATALOG_COMPILER_GENERATE_SWIFT_ASSET_SYMBOL_EXTENSIONS = YES;
				CLANG_ANALYZER_NONNULL = YES;
				CLANG_ANALYZER_NUMBER_OBJECT_CONVERSION = YES_AGGRESSIVE;
				CLANG_CXX_LANGUAGE_STANDARD = "gnu++20";
				CLANG_ENABLE_MODULES = YES;
				CLANG_ENABLE_OBJC_ARC = YES;
				CLANG_ENABLE_OBJC_WEAK = YES;
				CLANG_WARN_BLOCK_CAPTURE_AUTORELEASING = YES;
				CLANG_WARN_BOOL_CONVERSION = YES;
				CLANG_WARN_COMMA = YES;
				CLANG_WARN_CONSTANT_CONVERSION = YES;
				CLANG_WARN_DEPRECATED_OBJC_IMPLEMENTATIONS = YES;
				CLANG_WARN_DIRECT_OBJC_ISA_USAGE = YES_ERROR;
				CLANG_WARN_DOCUMENTATION_COMMENTS = YES;
				CLANG_WARN_EMPTY_BODY = YES;
				CLANG_WARN_ENUM_CONVERSION = YES;
				CLANG_WARN_INFINITE_RECURSION = YES;
				CLANG_WARN_INT_CONVERSION = YES;
				CLANG_WARN_NON_LITERAL_NULL_CONVERSION = YES;
				CLANG_WARN_OBJC_IMPLICIT_RETAIN_SELF = YES;
				CLANG_WARN_OBJC_LITERAL_CONVERSION = YES;
				CLANG_WARN_OBJC_ROOT_CLASS = YES_ERROR;
				CLANG_WARN_QUOTED_INCLUDE_IN_FRAMEWORK_HEADER = YES;
				CLANG_WARN_RANGE_LOOP_ANALYSIS = YES;
				CLANG_WARN_STRICT_PROTOTYPES = YES;
				CLANG_WARN_SUSPICIOUS_MOVE = YES;
				CLANG_WARN_UNGUARDED_AVAILABILITY = YES_AGGRESSIVE;
				CLANG_WARN_UNREACHABLE_CODE = YES;
				CLANG_WARN__DUPLICATE_METHOD_MATCH = YES;
				COPY_PHASE_STRIP = NO;
				DEBUG_INFORMATION_FORMAT = "dwarf-with-dsym";
				ENABLE_NS_ASSERTIONS = NO;
				ENABLE_STRICT_OBJC_MSGSEND = YES;
				ENABLE_USER_SCRIPT_SANDBOXING = YES;
				GCC_C_LANGUAGE_STANDARD = gnu17;
				GCC_NO_COMMON_BLOCKS = YES;
				GCC_WARN_64_TO_32_BIT_CONVERSION = YES;
				GCC_WARN_ABOUT_RETURN_TYPE = YES_ERROR;
				GCC_WARN_UNDECLARED_SELECTOR = YES;
				GCC_WARN_UNINITIALIZED_AUTOS = YES_AGGRESSIVE;
				GCC_WARN_UNUSED_FUNCTION = YES;
				GCC_WARN_UNUSED_VARIABLE = YES;
				IPHONEOS_DEPLOYMENT_TARGET = 14.0;
				LOCALIZATION_PREFERS_STRING_CATALOGS = YES;
				MTL_ENABLE_DEBUG_INFO = NO;
				MTL_FAST_MATH = YES;
				SDKROOT = iphoneos;
				SWIFT_COMPILATION_MODE = wholemodule;
				VALIDATE_PRODUCT = YES;
			};
			name = Release;
		};
		245F36F02AD91A2E005BA2FC /* Debug */ = {
			isa = XCBuildConfiguration;
			buildSettings = {
				ASSETCATALOG_COMPILER_APPICON_NAME = AppIcon;
				ASSETCATALOG_COMPILER_GLOBAL_ACCENT_COLOR_NAME = AccentColor;
				CODE_SIGN_STYLE = Automatic;
				CURRENT_PROJECT_VERSION = 1;
				DEVELOPMENT_TEAM = RPSARM5WXZ;
				GENERATE_INFOPLIST_FILE = YES;
				INFOPLIST_KEY_UIApplicationSupportsIndirectInputEvents = YES;
				INFOPLIST_KEY_UILaunchStoryboardName = LaunchScreen;
				INFOPLIST_KEY_UIStatusBarHidden = YES;
				INFOPLIST_KEY_UISupportedInterfaceOrientations = UIInterfaceOrientationPortrait;
				INFOPLIST_KEY_UISupportedInterfaceOrientations_iPad = "UIInterfaceOrientationLandscapeLeft UIInterfaceOrientationLandscapeRight UIInterfaceOrientationPortrait UIInterfaceOrientationPortraitUpsideDown";
				IPHONEOS_DEPLOYMENT_TARGET = 14.0;
				LD_RUNPATH_SEARCH_PATHS = (
					"$(inherited)",
					"@executable_path/Frameworks",
				);
				MARKETING_VERSION = 1.0;
				PRODUCT_BUNDLE_IDENTIFIER = "com.galiev.Wolf-Survive";
				PRODUCT_NAME = "$(TARGET_NAME)";
				SUPPORTED_PLATFORMS = "iphoneos iphonesimulator";
				SUPPORTS_MACCATALYST = NO;
				SWIFT_EMIT_LOC_STRINGS = YES;
				SWIFT_VERSION = 5.0;
				TARGETED_DEVICE_FAMILY = 1;
			};
			name = Debug;
		};
		245F36F12AD91A2E005BA2FC /* Release */ = {
			isa = XCBuildConfiguration;
			buildSettings = {
				ASSETCATALOG_COMPILER_APPICON_NAME = AppIcon;
				ASSETCATALOG_COMPILER_GLOBAL_ACCENT_COLOR_NAME = AccentColor;
				CODE_SIGN_STYLE = Automatic;
				CURRENT_PROJECT_VERSION = 1;
				DEVELOPMENT_TEAM = RPSARM5WXZ;
				GENERATE_INFOPLIST_FILE = YES;
				INFOPLIST_KEY_UIApplicationSupportsIndirectInputEvents = YES;
				INFOPLIST_KEY_UILaunchStoryboardName = LaunchScreen;
				INFOPLIST_KEY_UIStatusBarHidden = YES;
				INFOPLIST_KEY_UISupportedInterfaceOrientations = UIInterfaceOrientationPortrait;
				INFOPLIST_KEY_UISupportedInterfaceOrientations_iPad = "UIInterfaceOrientationLandscapeLeft UIInterfaceOrientationLandscapeRight UIInterfaceOrientationPortrait UIInterfaceOrientationPortraitUpsideDown";
				IPHONEOS_DEPLOYMENT_TARGET = 14.0;
				LD_RUNPATH_SEARCH_PATHS = (
					"$(inherited)",
					"@executable_path/Frameworks",
				);
				MARKETING_VERSION = 1.0;
				PRODUCT_BUNDLE_IDENTIFIER = "com.galiev.Wolf-Survive";
				PRODUCT_NAME = "$(TARGET_NAME)";
				SUPPORTED_PLATFORMS = "iphoneos iphonesimulator";
				SUPPORTS_MACCATALYST = NO;
				SWIFT_EMIT_LOC_STRINGS = YES;
				SWIFT_VERSION = 5.0;
				TARGETED_DEVICE_FAMILY = 1;
			};
			name = Release;
		};
/* End XCBuildConfiguration section */

/* Begin XCConfigurationList section */
		245F36D32AD91A2B005BA2FC /* Build configuration list for PBXProject "Wolf Survive" */ = {
			isa = XCConfigurationList;
			buildConfigurations = (
				245F36ED2AD91A2D005BA2FC /* Debug */,
				245F36EE2AD91A2D005BA2FC /* Release */,
			);
			defaultConfigurationIsVisible = 0;
			defaultConfigurationName = Release;
		};
		245F36EF2AD91A2E005BA2FC /* Build configuration list for PBXNativeTarget "Wolf Survive" */ = {
			isa = XCConfigurationList;
			buildConfigurations = (
				245F36F02AD91A2E005BA2FC /* Debug */,
				245F36F12AD91A2E005BA2FC /* Release */,
			);
			defaultConfigurationIsVisible = 0;
			defaultConfigurationName = Release;
		};
/* End XCConfigurationList section */
	};
	rootObject = 245F36D02AD91A2B005BA2FC /* Project object */;
}
